{
    "_readme": [
        "This file locks the dependencies of your project to a known state",
        "Read more about it at https://getcomposer.org/doc/01-basic-usage.md#composer-lock-the-lock-file",
        "This file is @generated automatically"
    ],
    "hash": "c7f8654cf8f2602954efb7b552210e02",
    "content-hash": "aeba2263d020a6d19dd6031bd52ec59c",
    "packages": [
        {
            "name": "s9e/text-formatter",
            "version": "dev-master",
            "source": {
                "type": "git",
                "url": "https://github.com/s9e/TextFormatter.git",
                "reference": "0d739ff72f3e2beffcbb048c89a21ab6af281024"
            },
            "dist": {
                "type": "zip",
                "url": "https://api.github.com/repos/s9e/TextFormatter/zipball/0d739ff72f3e2beffcbb048c89a21ab6af281024",
                "reference": "0d739ff72f3e2beffcbb048c89a21ab6af281024",
                "shasum": ""
            },
            "require": {
                "ext-dom": "*",
                "ext-filter": "*",
                "lib-pcre": ">=7.2",
                "php": ">=5.3.3"
            },
            "suggest": {
                "ext-intl": "Allows international URLs to be accepted by the URL filter",
                "ext-json": "Enables the generation of a JavaScript parser",
                "ext-mbstring": "Enables some optimizations in the PHP renderer",
                "ext-tokenizer": "Enables optimizations in the PHP renderer",
                "ext-xsl": "Enables the XSLT renderer",
                "ext-zlib": "Enables gzip compression when scraping content via the MediaEmbed plugin"
            },
            "type": "library",
            "autoload": {
                "psr-4": {
                    "s9e\\TextFormatter\\": "src"
                }
            },
            "notification-url": "https://packagist.org/downloads/",
            "license": [
                "MIT"
            ],
            "description": "Multi-purpose text formatting and markup library. Plugins offer support for BBCodes, Markdown, emoticons, HTML, embedding media (YouTube, etc...), enhanced typography and more.",
            "homepage": "https://github.com/s9e/TextFormatter/",
            "keywords": [
                "bbcode",
                "bbcodes",
                "blog",
                "censor",
                "embed",
                "emoji",
                "emoticons",
                "engine",
                "forum",
                "html",
                "markdown",
                "markup",
                "media",
                "parser",
                "shortcodes"
            ],
            "time": "2016-01-14 09:07:42"
        }
    ],
    "packages-dev": [],
    "aliases": [],
    "minimum-stability": "stable",
    "stability-flags": {
        "s9e/text-formatter": 20
    },
    "prefer-stable": false,
    "prefer-lowest": false,
    "platform": {
        "php": ">=5.6.0"
    },
    "platform-dev": []
}
